
Microsoft Visual Studio Solution File, Format Version 12.00
# Visual Studio Version 17
VisualStudioVersion = 17.0.31903.59
MinimumVisualStudioVersion = 10.0.40219.1
Project("{2150E333-8FDC-42A3-9474-1A3956D46DE8}") = "src", "src", "{827E0CD3-B72D-47B6-A68D-7590B98EB39B}"
EndProject
Project("{FAE04EC0-301F-11D3-BF4B-00C04F79EFBC}") = "GymBrain.Domain", "src\GymBrain.Domain\GymBrain.Domain.csproj", "{FEB0E843-78CE-4313-9B59-EBE7418C6032}"
EndProject
Project("{FAE04EC0-301F-11D3-BF4B-00C04F79EFBC}") = "GymBrain.Application", "src\GymBrain.Application\GymBrain.Application.csproj", "{9E1FB3A5-4DCF-47F6-9917-4FD9163CB1E5}"
EndProject
Project("{FAE04EC0-301F-11D3-BF4B-00C04F79EFBC}") = "GymBrain.Infrastructure", "src\GymBrain.Infrastructure\GymBrain.Infrastructure.csproj", "{FB952192-482B-4FBA-8E97-558B62D451E1}"
EndProject
Project("{FAE04EC0-301F-11D3-BF4B-00C04F79EFBC}") = "GymBrain.Api", "src\GymBrain.Api\GymBrain.Api.csproj", "{82688B54-9CD3-4E59-9EC3-E497EA841C72}"
EndProject
Project("{2150E333-8FDC-42A3-9474-1A3956D46DE8}") = "tests", "tests", "{0AB3BF05-4346-4AA6-1389-037BE0695223}"
EndProject
Project("{FAE04EC0-301F-11D3-BF4B-00C04F79EFBC}") = "GymBrain.Domain.Tests", "tests\GymBrain.Domain.Tests\GymBrain.Domain.Tests.csproj", "{A28EBB9F-9EF4-4036-A9F3-25C6C9A4639A}"
EndProject
Project("{FAE04EC0-301F-11D3-BF4B-00C04F79EFBC}") = "GymBrain.Application.Tests", "tests\GymBrain.Application.Tests\GymBrain.Application.Tests.csproj", "{E78CAC1A-AFD8-493F-98EB-A53F93A2FBF5}"
EndProject
Project("{FAE04EC0-301F-11D3-BF4B-00C04F79EFBC}") = "GymBrain.Infrastructure.Tests", "tests\GymBrain.Infrastructure.Tests\GymBrain.Infrastructure.Tests.csproj", "{0955FE9F-C537-4909-84C2-38DA239FACEE}"
EndProject
Project("{FAE04EC0-301F-11D3-BF4B-00C04F79EFBC}") = "GymBrain.Api.Tests", "tests\GymBrain.Api.Tests\GymBrain.Api.Tests.csproj", "{62204AED-1158-4B8A-8903-A4946271D203}"
EndProject
Global
	GlobalSection(SolutionConfigurationPlatforms) = preSolution
		Debug|Any CPU = Debug|Any CPU
		Debug|x64 = Debug|x64
		Debug|x86 = Debug|x86
		Release|Any CPU = Release|Any CPU
		Release|x64 = Release|x64
		Release|x86 = Release|x86
	EndGlobalSection
	GlobalSection(ProjectConfigurationPlatforms) = postSolution
		{FEB0E843-78CE-4313-9B59-EBE7418C6032}.Debug|Any CPU.ActiveCfg = Debug|Any CPU
		{FEB0E843-78CE-4313-9B59-EBE7418C6032}.Debug|Any CPU.Build.0 = Debug|Any CPU
		{FEB0E843-78CE-4313-9B59-EBE7418C6032}.Debug|x64.ActiveCfg = Debug|Any CPU
		{FEB0E843-78CE-4313-9B59-EBE7418C6032}.Debug|x64.Build.0 = Debug|Any CPU
		{FEB0E843-78CE-4313-9B59-EBE7418C6032}.Debug|x86.ActiveCfg = Debug|Any CPU
		{FEB0E843-78CE-4313-9B59-EBE7418C6032}.Debug|x86.Build.0 = Debug|Any CPU
		{FEB0E843-78CE-4313-9B59-EBE7418C6032}.Release|Any CPU.ActiveCfg = Release|Any CPU
		{FEB0E843-78CE-4313-9B59-EBE7418C6032}.Release|Any CPU.Build.0 = Release|Any CPU
		{FEB0E843-78CE-4313-9B59-EBE7418C6032}.Release|x64.ActiveCfg = Release|Any CPU
		{FEB0E843-78CE-4313-9B59-EBE7418C6032}.Release|x64.Build.0 = Release|Any CPU
		{FEB0E843-78CE-4313-9B59-EBE7418C6032}.Release|x86.ActiveCfg = Release|Any CPU
		{FEB0E843-78CE-4313-9B59-EBE7418C6032}.Release|x86.Build.0 = Release|Any CPU
		{9E1FB3A5-4DCF-47F6-9917-4FD9163CB1E5}.Debug|Any CPU.ActiveCfg = Debug|Any CPU
		{9E1FB3A5-4DCF-47F6-9917-4FD9163CB1E5}.Debug|Any CPU.Build.0 = Debug|Any CPU
		{9E1FB3A5-4DCF-47F6-9917-4FD9163CB1E5}.Debug|x64.ActiveCfg = Debug|Any CPU
		{9E1FB3A5-4DCF-47F6-9917-4FD9163CB1E5}.Debug|x64.Build.0 = Debug|Any CPU
		{9E1FB3A5-4DCF-47F6-9917-4FD9163CB1E5}.Debug|x86.ActiveCfg = Debug|Any CPU
		{9E1FB3A5-4DCF-47F6-9917-4FD9163CB1E5}.Debug|x86.Build.0 = Debug|Any CPU
		{9E1FB3A5-4DCF-47F6-9917-4FD9163CB1E5}.Release|Any CPU.ActiveCfg = Release|Any CPU
		{9E1FB3A5-4DCF-47F6-9917-4FD9163CB1E5}.Release|Any CPU.Build.0 = Release|Any CPU
		{9E1FB3A5-4DCF-47F6-9917-4FD9163CB1E5}.Release|x64.ActiveCfg = Release|Any CPU
		{9E1FB3A5-4DCF-47F6-9917-4FD9163CB1E5}.Release|x64.Build.0 = Release|Any CPU
		{9E1FB3A5-4DCF-47F6-9917-4FD9163CB1E5}.Release|x86.ActiveCfg = Release|Any CPU
		{9E1FB3A5-4DCF-47F6-9917-4FD9163CB1E5}.Release|x86.Build.0 = Release|Any CPU
		{FB952192-482B-4FBA-8E97-558B62D451E1}.Debug|Any CPU.ActiveCfg = Debug|Any CPU
		{FB952192-482B-4FBA-8E97-558B62D451E1}.Debug|Any CPU.Build.0 = Debug|Any CPU
		{FB952192-482B-4FBA-8E97-558B62D451E1}.Debug|x64.ActiveCfg = Debug|Any CPU
		{FB952192-482B-4FBA-8E97-558B62D451E1}.Debug|x64.Build.0 = Debug|Any CPU
		{FB952192-482B-4FBA-8E97-558B62D451E1}.Debug|x86.ActiveCfg = Debug|Any CPU
		{FB952192-482B-4FBA-8E97-558B62D451E1}.Debug|x86.Build.0 = Debug|Any CPU
		{FB952192-482B-4FBA-8E97-558B62D451E1}.Release|Any CPU.ActiveCfg = Release|Any CPU
		{FB952192-482B-4FBA-8E97-558B62D451E1}.Release|Any CPU.Build.0 = Release|Any CPU
		{FB952192-482B-4FBA-8E97-558B62D451E1}.Release|x64.ActiveCfg = Release|Any CPU
		{FB952192-482B-4FBA-8E97-558B62D451E1}.Release|x64.Build.0 = Release|Any CPU
		{FB952192-482B-4FBA-8E97-558B62D451E1}.Release|x86.ActiveCfg = Release|Any CPU
		{FB952192-482B-4FBA-8E97-558B62D451E1}.Release|x86.Build.0 = Release|Any CPU
		{82688B54-9CD3-4E59-9EC3-E497EA841C72}.Debug|Any CPU.ActiveCfg = Debug|Any CPU
		{82688B54-9CD3-4E59-9EC3-E497EA841C72}.Debug|Any CPU.Build.0 = Debug|Any CPU
		{82688B54-9CD3-4E59-9EC3-E497EA841C72}.Debug|x64.ActiveCfg = Debug|Any CPU
		{82688B54-9CD3-4E59-9EC3-E497EA841C72}.Debug|x64.Build.0 = Debug|Any CPU
		{82688B54-9CD3-4E59-9EC3-E497EA841C72}.Debug|x86.ActiveCfg = Debug|Any CPU
		{82688B54-9CD3-4E59-9EC3-E497EA841C72}.Debug|x86.Build.0 = Debug|Any CPU
		{82688B54-9CD3-4E59-9EC3-E497EA841C72}.Release|Any CPU.ActiveCfg = Release|Any CPU
		{82688B54-9CD3-4E59-9EC3-E497EA841C72}.Release|Any CPU.Build.0 = Release|Any CPU
		{82688B54-9CD3-4E59-9EC3-E497EA841C72}.Release|x64.ActiveCfg = Release|Any CPU
		{82688B54-9CD3-4E59-9EC3-E497EA841C72}.Release|x64.Build.0 = Release|Any CPU
		{82688B54-9CD3-4E59-9EC3-E497EA841C72}.Release|x86.ActiveCfg = Release|Any CPU
		{82688B54-9CD3-4E59-9EC3-E497EA841C72}.Release|x86.Build.0 = Release|Any CPU
		{A28EBB9F-9EF4-4036-A9F3-25C6C9A4639A}.Debug|Any CPU.ActiveCfg = Debug|Any CPU
		{A28EBB9F-9EF4-4036-A9F3-25C6C9A4639A}.Debug|Any CPU.Build.0 = Debug|Any CPU
		{A28EBB9F-9EF4-4036-A9F3-25C6C9A4639A}.Debug|x64.ActiveCfg = Debug|Any CPU
		{A28EBB9F-9EF4-4036-A9F3-25C6C9A4639A}.Debug|x64.Build.0 = Debug|Any CPU
		{A28EBB9F-9EF4-4036-A9F3-25C6C9A4639A}.Debug|x86.ActiveCfg = Debug|Any CPU
		{A28EBB9F-9EF4-4036-A9F3-25C6C9A4639A}.Debug|x86.Build.0 = Debug|Any CPU
		{A28EBB9F-9EF4-4036-A9F3-25C6C9A4639A}.Release|Any CPU.ActiveCfg = Release|Any CPU
		{A28EBB9F-9EF4-4036-A9F3-25C6C9A4639A}.Release|Any CPU.Build.0 = Release|Any CPU
		{A28EBB9F-9EF4-4036-A9F3-25C6C9A4639A}.Release|x64.ActiveCfg = Release|Any CPU
		{A28EBB9F-9EF4-4036-A9F3-25C6C9A4639A}.Release|x64.Build.0 = Release|Any CPU
		{A28EBB9F-9EF4-4036-A9F3-25C6C9A4639A}.Release|x86.ActiveCfg = Release|Any CPU
		{A28EBB9F-9EF4-4036-A9F3-25C6C9A4639A}.Release|x86.Build.0 = Release|Any CPU
		{E78CAC1A-AFD8-493F-98EB-A53F93A2FBF5}.Debug|Any CPU.ActiveCfg = Debug|Any CPU
		{E78CAC1A-AFD8-493F-98EB-A53F93A2FBF5}.Debug|Any CPU.Build.0 = Debug|Any CPU
		{E78CAC1A-AFD8-493F-98EB-A53F93A2FBF5}.Debug|x64.ActiveCfg = Debug|Any CPU
		{E78CAC1A-AFD8-493F-98EB-A53F93A2FBF5}.Debug|x64.Build.0 = Debug|Any CPU
		{E78CAC1A-AFD8-493F-98EB-A53F93A2FBF5}.Debug|x86.ActiveCfg = Debug|Any CPU
		{E78CAC1A-AFD8-493F-98EB-A53F93A2FBF5}.Debug|x86.Build.0 = Debug|Any CPU
		{E78CAC1A-AFD8-493F-98EB-A53F93A2FBF5}.Release|Any CPU.ActiveCfg = Release|Any CPU
		{E78CAC1A-AFD8-493F-98EB-A53F93A2FBF5}.Release|Any CPU.Build.0 = Release|Any CPU
		{E78CAC1A-AFD8-493F-98EB-A53F93A2FBF5}.Release|x64.ActiveCfg = Release|Any CPU
		{E78CAC1A-AFD8-493F-98EB-A53F93A2FBF5}.Release|x64.Build.0 = Release|Any CPU
		{E78CAC1A-AFD8-493F-98EB-A53F93A2FBF5}.Release|x86.ActiveCfg = Release|Any CPU
		{E78CAC1A-AFD8-493F-98EB-A53F93A2FBF5}.Release|x86.Build.0 = Release|Any CPU
		{0955FE9F-C537-4909-84C2-38DA239FACEE}.Debug|Any CPU.ActiveCfg = Debug|Any CPU
		{0955FE9F-C537-4909-84C2-38DA239FACEE}.Debug|Any CPU.Build.0 = Debug|Any CPU
		{0955FE9F-C537-4909-84C2-38DA239FACEE}.Debug|x64.ActiveCfg = Debug|Any CPU
		{0955FE9F-C537-4909-84C2-38DA239FACEE}.Debug|x64.Build.0 = Debug|Any CPU
		{0955FE9F-C537-4909-84C2-38DA239FACEE}.Debug|x86.ActiveCfg = Debug|Any CPU
		{0955FE9F-C537-4909-84C2-38DA239FACEE}.Debug|x86.Build.0 = Debug|Any CPU
		{0955FE9F-C537-4909-84C2-38DA239FACEE}.Release|Any CPU.ActiveCfg = Release|Any CPU
		{0955FE9F-C537-4909-84C2-38DA239FACEE}.Release|Any CPU.Build.0 = Release|Any CPU
		{0955FE9F-C537-4909-84C2-38DA239FACEE}.Release|x64.ActiveCfg = Release|Any CPU
		{0955FE9F-C537-4909-84C2-38DA239FACEE}.Release|x64.Build.0 = Release|Any CPU
		{0955FE9F-C537-4909-84C2-38DA239FACEE}.Release|x86.ActiveCfg = Release|Any CPU
		{0955FE9F-C537-4909-84C2-38DA239FACEE}.Release|x86.Build.0 = Release|Any CPU
		{62204AED-1158-4B8A-8903-A4946271D203}.Debug|Any CPU.ActiveCfg = Debug|Any CPU
		{62204AED-1158-4B8A-8903-A4946271D203}.Debug|Any CPU.Build.0 = Debug|Any CPU
		{62204AED-1158-4B8A-8903-A4946271D203}.Debug|x64.ActiveCfg = Debug|Any CPU
		{62204AED-1158-4B8A-8903-A4946271D203}.Debug|x64.Build.0 = Debug|Any CPU
		{62204AED-1158-4B8A-8903-A4946271D203}.Debug|x86.ActiveCfg = Debug|Any CPU
		{62204AED-1158-4B8A-8903-A4946271D203}.Debug|x86.Build.0 = Debug|Any CPU
		{62204AED-1158-4B8A-8903-A4946271D203}.Release|Any CPU.ActiveCfg = Release|Any CPU
		{62204AED-1158-4B8A-8903-A4946271D203}.Release|Any CPU.Build.0 = Release|Any CPU
		{62204AED-1158-4B8A-8903-A4946271D203}.Release|x64.ActiveCfg = Release|Any CPU
		{62204AED-1158-4B8A-8903-A4946271D203}.Release|x64.Build.0 = Release|Any CPU
		{62204AED-1158-4B8A-8903-A4946271D203}.Release|x86.ActiveCfg = Release|Any CPU
		{62204AED-1158-4B8A-8903-A4946271D203}.Release|x86.Build.0 = Release|Any CPU
	EndGlobalSection
	GlobalSection(SolutionProperties) = preSolution
		HideSolutionNode = FALSE
	EndGlobalSection
	GlobalSection(NestedProjects) = preSolution
		{FEB0E843-78CE-4313-9B59-EBE7418C6032} = {827E0CD3-B72D-47B6-A68D-7590B98EB39B}
		{9E1FB3A5-4DCF-47F6-9917-4FD9163CB1E5} = {827E0CD3-B72D-47B6-A68D-7590B98EB39B}
		{FB952192-482B-4FBA-8E97-558B62D451E1} = {827E0CD3-B72D-47B6-A68D-7590B98EB39B}
		{82688B54-9CD3-4E59-9EC3-E497EA841C72} = {827E0CD3-B72D-47B6-A68D-7590B98EB39B}
		{A28EBB9F-9EF4-4036-A9F3-25C6C9A4639A} = {0AB3BF05-4346-4AA6-1389-037BE0695223}
		{E78CAC1A-AFD8-493F-98EB-A53F93A2FBF5} = {0AB3BF05-4346-4AA6-1389-037BE0695223}
		{0955FE9F-C537-4909-84C2-38DA239FACEE} = {0AB3BF05-4346-4AA6-1389-037BE0695223}
		{62204AED-1158-4B8A-8903-A4946271D203} = {0AB3BF05-4346-4AA6-1389-037BE0695223}
	EndGlobalSection
EndGlobal
